{
  "nodes": {
    "fallback": {
      "locked": {
        "lastModified": 1627942574,
        "narHash": "sha256-guUcGRWvY2mfiVSet2x/zeHIyflm2wgglj0ldg0mMio=",
        "owner": "nixos",
        "repo": "nixpkgs",
        "rev": "c464dc811babfe316ed4ab7bbc12351122e69dd7",
        "type": "github"
      },
      "original": {
        "owner": "nixos",
        "ref": "nixos-unstable",
        "repo": "nixpkgs",
        "type": "github"
      }
    },
    "fenix": {
      "inputs": {
        "nixpkgs": [
          "nixpkgs"
        ],
        "rust-analyzer-src": "rust-analyzer-src"
      },
      "locked": {
        "lastModified": 1628133869,
        "narHash": "sha256-hRJ//lpsd8ACK4GOZIknGZjey3OFYJ2fYBPEqg/JC7o=",
        "owner": "nix-community",
        "repo": "fenix",
        "rev": "9e13d0cb62b00e7f38d920c9fc3a642ee4797be8",
        "type": "github"
      },
      "original": {
        "owner": "nix-community",
        "repo": "fenix",
        "type": "github"
      }
    },
    "flake-compat": {
      "flake": false,
      "locked": {
        "lastModified": 1627913399,
        "narHash": "sha256-hY8g6H2KFL8ownSiFeMOjwPC8P0ueXpCVEbxgda3pko=",
        "owner": "edolstra",
        "repo": "flake-compat",
        "rev": "12c64ca55c1014cdc1b16ed5a804aa8576601ff2",
        "type": "github"
      },
      "original": {
        "owner": "edolstra",
        "repo": "flake-compat",
        "type": "github"
      }
    },
    "flake-utils": {
      "locked": {
        "lastModified": 1618217525,
        "narHash": "sha256-WGrhVczjXTiswQaoxQ+0PTfbLNeOQM6M36zvLn78AYg=",
        "owner": "numtide",
        "repo": "flake-utils",
        "rev": "c6169a2772643c4a93a0b5ac1c61e296cba68544",
        "type": "github"
      },
      "original": {
        "owner": "numtide",
        "repo": "flake-utils",
        "type": "github"
      }
    },
    "flake-utils_2": {
      "locked": {
        "lastModified": 1623875721,
        "narHash": "sha256-A8BU7bjS5GirpAUv4QA+QnJ4CceLHkcXdRp4xITDB0s=",
        "owner": "numtide",
        "repo": "flake-utils",
        "rev": "f7e004a55b120c02ecb6219596820fcd32ca8772",
        "type": "github"
      },
      "original": {
        "owner": "numtide",
        "repo": "flake-utils",
        "type": "github"
      }
    },
    "fup": {
      "inputs": {
        "flake-utils": "flake-utils"
      },
      "locked": {
        "lastModified": 1619358717,
        "narHash": "sha256-FkEOIW82ClvUBtD8aqPediM8FERldsOyjPIyapVa65I=",
        "owner": "gytis-ivaskevicius",
        "repo": "flake-utils-plus",
        "rev": "e7ae270a23695b50fbb6b72759a7fb1e3340ca86",
        "type": "github"
      },
      "original": {
        "owner": "gytis-ivaskevicius",
        "repo": "flake-utils-plus",
        "type": "github"
      }
    },
    "hm": {
      "inputs": {
        "nixpkgs": "nixpkgs"
      },
      "locked": {
        "lastModified": 1627592512,
        "narHash": "sha256-+bauwACGl+/dTQB047XImRz5P6Lp6vxl5ruiKjtENxo=",
        "owner": "nix-community",
        "repo": "home-manager",
        "rev": "7f976da06840c268cc291a021bab7532b923713c",
        "type": "github"
      },
      "original": {
        "owner": "nix-community",
        "repo": "home-manager",
        "type": "github"
      }
    },
    "master": {
      "locked": {
        "lastModified": 1628189751,
        "narHash": "sha256-7fdAWJbaEjtjFQE+10WH/oUTlenCWJabYWDq9x34CLY=",
        "owner": "nixos",
        "repo": "nixpkgs",
        "rev": "9c0a584a283621b7c5fa7f83945480678279ea54",
        "type": "github"
      },
      "original": {
        "owner": "nixos",
        "ref": "master",
        "repo": "nixpkgs",
        "type": "github"
      }
    },
    "my-nur": {
      "inputs": {
        "nixpkgs": "nixpkgs_2",
        "utils": "utils"
      },
      "locked": {
        "lastModified": 1628192721,
        "narHash": "sha256-e/WKq/IWb9P5poA4vLWca3aj3BNU9n6AhMt3CvK/M4E=",
        "ref": "master",
        "rev": "15d5ca7c787274b05cf0f2bae4c6feb0cc24e987",
        "revCount": 10,
        "type": "git",
        "url": "https://git.sr.ht/~hutzdog/NUR"
      },
      "original": {
        "type": "git",
        "url": "https://git.sr.ht/~hutzdog/NUR"
      }
    },
    "neovim": {
      "inputs": {
        "flake-compat": "flake-compat",
        "neovim-flake": "neovim-flake",
        "nixpkgs": "nixpkgs_3"
      },
      "locked": {
        "lastModified": 1628064999,
        "narHash": "sha256-AHOKz/jqgNoZ61vXU3nQ8dOHvjUkxMJY1n6Fwt/7WA0=",
        "owner": "nix-community",
        "repo": "neovim-nightly-overlay",
        "rev": "5072a7980f1a9313c7a274e49f2b94ec27de4e81",
        "type": "github"
      },
      "original": {
        "owner": "nix-community",
        "repo": "neovim-nightly-overlay",
        "type": "github"
      }
    },
    "neovim-flake": {
      "inputs": {
        "flake-utils": "flake-utils_2",
        "nixpkgs": [
          "nixpkgs"
        ]
      },
      "locked": {
        "dir": "contrib",
        "lastModified": 1628062118,
        "narHash": "sha256-gH+4VVPUMMF/qbV04zE8OQ3vaiCFcELGn0dgYZrT9yU=",
        "owner": "neovim",
        "repo": "neovim",
        "rev": "3d183596720aeab874ceb475af23e390bbe9b8a3",
        "type": "github"
      },
      "original": {
        "dir": "contrib",
        "owner": "neovim",
        "repo": "neovim",
        "type": "github"
      }
    },
    "nixpkgs": {
      "locked": {
        "lastModified": 1628148846,
        "narHash": "sha256-V8aZJBROfNDk40cvFjKUnOnL7sF+BYwCQUUpLP8y4uE=",
        "owner": "NixOS",
        "repo": "nixpkgs",
        "rev": "9a8eb5a464f373e79d19d0ed2e53e0d31f78fe92",
        "type": "github"
      },
      "original": {
        "id": "nixpkgs",
        "type": "indirect"
      }
    },
    "nixpkgs_2": {
      "locked": {
        "lastModified": 1624208094,
        "narHash": "sha256-oDG0Ma0eeRW0WFWxD3iDs+S4D5NObWQqwcZTdRkg1J8=",
        "owner": "NixOS",
        "repo": "nixpkgs",
        "rev": "88782d1606213f89eae97921beda5a64b763bde6",
        "type": "github"
      },
      "original": {
        "id": "nixpkgs",
        "type": "indirect"
      }
    },
    "nixpkgs_3": {
      "locked": {
        "lastModified": 1627942574,
        "narHash": "sha256-guUcGRWvY2mfiVSet2x/zeHIyflm2wgglj0ldg0mMio=",
        "owner": "nixos",
        "repo": "nixpkgs",
        "rev": "c464dc811babfe316ed4ab7bbc12351122e69dd7",
        "type": "github"
      },
      "original": {
        "owner": "nixos",
        "ref": "nixos-unstable",
        "repo": "nixpkgs",
        "type": "github"
      }
    },
    "nur": {
      "locked": {
        "lastModified": 1628192245,
        "narHash": "sha256-57rBbM3cpgw8A5OF5iosaePxkVHRnOFO1Oy5mUMOAN8=",
        "owner": "nix-community",
        "repo": "NUR",
        "rev": "d5f3d9ebd164b30f098b0212fc48d325c61c468a",
        "type": "github"
      },
      "original": {
        "owner": "nix-community",
        "repo": "NUR",
        "type": "github"
      }
    },
    "root": {
      "inputs": {
        "fallback": "fallback",
        "fenix": "fenix",
        "fup": "fup",
        "hm": "hm",
        "master": "master",
        "my-nur": "my-nur",
        "neovim": "neovim",
        "nixpkgs": [
          "unstable"
        ],
        "nur": "nur",
        "stable": "stable",
        "unstable": "unstable"
      }
    },
    "rust-analyzer-src": {
      "flake": false,
      "locked": {
        "lastModified": 1628100757,
        "narHash": "sha256-fBceHf8ZH9mKmuLjI4XabdpUL2jsjwtb5Ku+kXxnI/o=",
        "owner": "rust-analyzer",
        "repo": "rust-analyzer",
        "rev": "950efff5c6f1fdc803d7abda3adf4e60899dadb0",
        "type": "github"
      },
      "original": {
        "owner": "rust-analyzer",
        "ref": "nightly",
        "repo": "rust-analyzer",
        "type": "github"
      }
    },
    "stable": {
      "locked": {
        "lastModified": 1628077112,
        "narHash": "sha256-ehfkGNBdq0GFbezcXZP4OPcik+k4Lm7mF8NUKJlq6Ho=",
        "owner": "nixos",
        "repo": "nixpkgs",
        "rev": "465daf79b4a23d6e47d2efddece7120da8800c63",
        "type": "github"
      },
      "original": {
        "owner": "nixos",
        "ref": "nixos-21.05",
        "repo": "nixpkgs",
        "type": "github"
      }
    },
    "unstable": {
      "locked": {
        "lastModified": 1628148846,
        "narHash": "sha256-V8aZJBROfNDk40cvFjKUnOnL7sF+BYwCQUUpLP8y4uE=",
        "owner": "nixos",
        "repo": "nixpkgs",
        "rev": "9a8eb5a464f373e79d19d0ed2e53e0d31f78fe92",
        "type": "github"
      },
      "original": {
        "owner": "nixos",
        "ref": "nixos-unstable-small",
        "repo": "nixpkgs",
        "type": "github"
      }
    },
    "utils": {
      "locked": {
        "lastModified": 1623875721,
        "narHash": "sha256-A8BU7bjS5GirpAUv4QA+QnJ4CceLHkcXdRp4xITDB0s=",
        "owner": "numtide",
        "repo": "flake-utils",
        "rev": "f7e004a55b120c02ecb6219596820fcd32ca8772",
        "type": "github"
      },
      "original": {
        "owner": "numtide",
        "repo": "flake-utils",
        "type": "github"
      }
    }
  },
  "root": "root",
  "version": 7
}
