{
  "nodes": {
    "emacs": {
      "locked": {
        "lastModified": 1644776495,
        "narHash": "sha256-2zTuEkwXCL57SFcJ9iYT2Uk/1z7CfyrlglCHra6ocWg=",
        "owner": "nix-community",
        "repo": "emacs-overlay",
        "rev": "9fc59369c6d1fbfa246498ed2b37ebeda7a6e008",
        "type": "github"
      },
      "original": {
        "owner": "nix-community",
        "repo": "emacs-overlay",
        "type": "github"
      }
    },
    "fallback": {
      "locked": {
        "lastModified": 1644525281,
        "narHash": "sha256-D3VuWLdnLmAXIkooWAtbTGSQI9Fc1lkvAr94wTxhnTU=",
        "owner": "nixos",
        "repo": "nixpkgs",
        "rev": "48d63e924a2666baf37f4f14a18f19347fbd54a2",
        "type": "github"
      },
      "original": {
        "owner": "nixos",
        "ref": "nixos-unstable",
        "repo": "nixpkgs",
        "type": "github"
      }
    },
    "fenix": {
      "inputs": {
        "nixpkgs": [
          "nixpkgs"
        ],
        "rust-analyzer-src": "rust-analyzer-src"
      },
      "locked": {
        "lastModified": 1644560676,
        "narHash": "sha256-KBC2Fn6ynCIE2sUUmJiNPY2QDWeh9caP8M1RPiUW5nE=",
        "owner": "nix-community",
        "repo": "fenix",
        "rev": "6fbfc2821a058eb820bb3742a762bbba5a99f0df",
        "type": "github"
      },
      "original": {
        "owner": "nix-community",
        "repo": "fenix",
        "type": "github"
      }
    },
    "fix-emacs-ts": {
      "locked": {
        "lastModified": 1642356401,
        "narHash": "sha256-/vUS0iR9oGq4cS2ZW7V6I7h+XSCs87c7J+ddPxwkb9k=",
        "owner": "pimeys",
        "repo": "nixpkgs",
        "rev": "30e1d443fe43b3c87f64cf03a7286d429565cba2",
        "type": "github"
      },
      "original": {
        "owner": "pimeys",
        "ref": "emacs-tree-sitter/link-grammars",
        "repo": "nixpkgs",
        "type": "github"
      }
    },
    "flake-compat": {
      "flake": false,
      "locked": {
        "lastModified": 1641205782,
        "narHash": "sha256-4jY7RCWUoZ9cKD8co0/4tFARpWB+57+r1bLLvXNJliY=",
        "owner": "edolstra",
        "repo": "flake-compat",
        "rev": "b7547d3eed6f32d06102ead8991ec52ab0a4f1a7",
        "type": "github"
      },
      "original": {
        "owner": "edolstra",
        "repo": "flake-compat",
        "type": "github"
      }
    },
    "flake-utils": {
      "locked": {
        "lastModified": 1638122382,
        "narHash": "sha256-sQzZzAbvKEqN9s0bzWuYmRaA03v40gaJ4+iL1LXjaeI=",
        "owner": "numtide",
        "repo": "flake-utils",
        "rev": "74f7e4319258e287b0f9cb95426c9853b282730b",
        "type": "github"
      },
      "original": {
        "owner": "numtide",
        "repo": "flake-utils",
        "type": "github"
      }
    },
    "flake-utils_2": {
      "locked": {
        "lastModified": 1629481132,
        "narHash": "sha256-JHgasjPR0/J1J3DRm4KxM4zTyAj4IOJY8vIl75v/kPI=",
        "owner": "numtide",
        "repo": "flake-utils",
        "rev": "997f7efcb746a9c140ce1f13c72263189225f482",
        "type": "github"
      },
      "original": {
        "owner": "numtide",
        "repo": "flake-utils",
        "type": "github"
      }
    },
    "fup": {
      "inputs": {
        "flake-utils": "flake-utils"
      },
      "locked": {
        "lastModified": 1639385028,
        "narHash": "sha256-oqorKz3mwf7UuDJwlbCEYCB2LfcWLL0DkeCWhRIL820=",
        "owner": "gytis-ivaskevicius",
        "repo": "flake-utils-plus",
        "rev": "be1be083af014720c14f3b574f57b6173b4915d0",
        "type": "github"
      },
      "original": {
        "owner": "gytis-ivaskevicius",
        "repo": "flake-utils-plus",
        "type": "github"
      }
    },
    "hm": {
      "inputs": {
        "nixpkgs": "nixpkgs"
      },
      "locked": {
        "lastModified": 1644706973,
        "narHash": "sha256-xOyxrhc5V79u0ZNmnPmJbY3ngtp43dNISEmrb8Ie6wQ=",
        "owner": "nix-community",
        "repo": "home-manager",
        "rev": "7c2ae0bdd20ddcaafe41ef669226a1df67f8aa06",
        "type": "github"
      },
      "original": {
        "owner": "nix-community",
        "repo": "home-manager",
        "type": "github"
      }
    },
    "master": {
      "locked": {
        "lastModified": 1644796306,
        "narHash": "sha256-EQIBcw5bob0J+mjvuWiO5jI2Igq0EBRA4CYmS8ps3oQ=",
        "owner": "nixos",
        "repo": "nixpkgs",
        "rev": "abc3f7c0030707ea676976fccb7648713b56865d",
        "type": "github"
      },
      "original": {
        "owner": "nixos",
        "ref": "master",
        "repo": "nixpkgs",
        "type": "github"
      }
    },
    "my-nur": {
      "inputs": {
        "nixpkgs": "nixpkgs_2",
        "utils": "utils"
      },
      "locked": {
        "lastModified": 1636310244,
        "narHash": "sha256-V4sQzc/nTJvst0CsyDvyLlb89l7HtCfMgkv9EawIr6Q=",
        "ref": "master",
        "rev": "089c9600a5ff4da3c84c8a076d18adde809b5efe",
        "revCount": 12,
        "type": "git",
        "url": "https://git.sr.ht/~hutzdog/NUR"
      },
      "original": {
        "type": "git",
        "url": "https://git.sr.ht/~hutzdog/NUR"
      }
    },
    "neovim": {
      "inputs": {
        "flake-compat": "flake-compat",
        "neovim-flake": "neovim-flake",
        "nixpkgs": "nixpkgs_3"
      },
      "locked": {
        "lastModified": 1644739986,
        "narHash": "sha256-Jwjfj2LuXWx/hLXsgtfYUvYRAwe++XzhbIrCd01QCc8=",
        "owner": "nix-community",
        "repo": "neovim-nightly-overlay",
        "rev": "93c6019b477175990882db4d901ce5fdb325ae54",
        "type": "github"
      },
      "original": {
        "owner": "nix-community",
        "repo": "neovim-nightly-overlay",
        "type": "github"
      }
    },
    "neovim-flake": {
      "inputs": {
        "flake-utils": "flake-utils_2",
        "nixpkgs": [
          "neovim",
          "nixpkgs"
        ]
      },
      "locked": {
        "dir": "contrib",
        "lastModified": 1644723469,
        "narHash": "sha256-MVpaV2cKd0C82FJb3M96UrELkwy82swPOPNgfel7zr8=",
        "owner": "neovim",
        "repo": "neovim",
        "rev": "6f5fae08a302bce6de453425a6b1c1d851112914",
        "type": "github"
      },
      "original": {
        "dir": "contrib",
        "owner": "neovim",
        "repo": "neovim",
        "type": "github"
      }
    },
    "nixpkgs": {
      "locked": {
        "lastModified": 1644775669,
        "narHash": "sha256-AgMdPpgrEoUObOH/9T+BlTN+lu9KJCMeeQ559+rXDxw=",
        "owner": "NixOS",
        "repo": "nixpkgs",
        "rev": "daf1cd5b36663d09b2b1e5198319d970bc90d894",
        "type": "github"
      },
      "original": {
        "id": "nixpkgs",
        "type": "indirect"
      }
    },
    "nixpkgs_2": {
      "locked": {
        "lastModified": 1624208094,
        "narHash": "sha256-oDG0Ma0eeRW0WFWxD3iDs+S4D5NObWQqwcZTdRkg1J8=",
        "owner": "NixOS",
        "repo": "nixpkgs",
        "rev": "88782d1606213f89eae97921beda5a64b763bde6",
        "type": "github"
      },
      "original": {
        "id": "nixpkgs",
        "type": "indirect"
      }
    },
    "nixpkgs_3": {
      "locked": {
        "lastModified": 1644525281,
        "narHash": "sha256-D3VuWLdnLmAXIkooWAtbTGSQI9Fc1lkvAr94wTxhnTU=",
        "owner": "nixos",
        "repo": "nixpkgs",
        "rev": "48d63e924a2666baf37f4f14a18f19347fbd54a2",
        "type": "github"
      },
      "original": {
        "owner": "nixos",
        "ref": "nixos-unstable",
        "repo": "nixpkgs",
        "type": "github"
      }
    },
    "nur": {
      "locked": {
        "lastModified": 1644783043,
        "narHash": "sha256-hoU1x2DtcdwBzJCiDZVC1IGoeTGv7J8vGVPkfoyUP/k=",
        "owner": "nix-community",
        "repo": "NUR",
        "rev": "3e1a27f58f7b87ca721fa150679c01d498497d3f",
        "type": "github"
      },
      "original": {
        "owner": "nix-community",
        "repo": "NUR",
        "type": "github"
      }
    },
    "root": {
      "inputs": {
        "emacs": "emacs",
        "fallback": "fallback",
        "fenix": "fenix",
        "fix-emacs-ts": "fix-emacs-ts",
        "fup": "fup",
        "hm": "hm",
        "master": "master",
        "my-nur": "my-nur",
        "neovim": "neovim",
        "nixpkgs": [
          "unstable"
        ],
        "nur": "nur",
        "stable": "stable",
        "unstable": "unstable"
      }
    },
    "rust-analyzer-src": {
      "flake": false,
      "locked": {
        "lastModified": 1644391473,
        "narHash": "sha256-39Mhn0JxV8QHog+B2KjeMalblXP8DFU5rRVkLXZILGk=",
        "owner": "rust-analyzer",
        "repo": "rust-analyzer",
        "rev": "08348d79fa3ccb2aeeea87e758dcd5f1614c7ad8",
        "type": "github"
      },
      "original": {
        "owner": "rust-analyzer",
        "ref": "nightly",
        "repo": "rust-analyzer",
        "type": "github"
      }
    },
    "stable": {
      "locked": {
        "lastModified": 1642244250,
        "narHash": "sha256-vWpUEqQdVP4srj+/YLJRTN9vjpTs4je0cdWKXPbDItc=",
        "owner": "nixos",
        "repo": "nixpkgs",
        "rev": "0fd9ee1aa36ce865ad273f4f07fdc093adeb5c00",
        "type": "github"
      },
      "original": {
        "owner": "nixos",
        "ref": "nixos-21.05",
        "repo": "nixpkgs",
        "type": "github"
      }
    },
    "unstable": {
      "locked": {
        "lastModified": 1644775669,
        "narHash": "sha256-AgMdPpgrEoUObOH/9T+BlTN+lu9KJCMeeQ559+rXDxw=",
        "owner": "nixos",
        "repo": "nixpkgs",
        "rev": "daf1cd5b36663d09b2b1e5198319d970bc90d894",
        "type": "github"
      },
      "original": {
        "owner": "nixos",
        "ref": "nixos-unstable-small",
        "repo": "nixpkgs",
        "type": "github"
      }
    },
    "utils": {
      "locked": {
        "lastModified": 1623875721,
        "narHash": "sha256-A8BU7bjS5GirpAUv4QA+QnJ4CceLHkcXdRp4xITDB0s=",
        "owner": "numtide",
        "repo": "flake-utils",
        "rev": "f7e004a55b120c02ecb6219596820fcd32ca8772",
        "type": "github"
      },
      "original": {
        "owner": "numtide",
        "repo": "flake-utils",
        "type": "github"
      }
    }
  },
  "root": "root",
  "version": 7
}
