{
  "nodes": {
    "fallback": {
      "locked": {
        "lastModified": 1642104392,
        "narHash": "sha256-m71b7MgMh9FDv4MnI5sg9MiBVW6DhE1zq+d/KlLWSC8=",
        "owner": "nixos",
        "repo": "nixpkgs",
        "rev": "5aaed40d22f0d9376330b6fa413223435ad6fee5",
        "type": "github"
      },
      "original": {
        "owner": "nixos",
        "ref": "nixos-unstable",
        "repo": "nixpkgs",
        "type": "github"
      }
    },
    "fenix": {
      "inputs": {
        "nixpkgs": [
          "nixpkgs"
        ],
        "rust-analyzer-src": "rust-analyzer-src"
      },
      "locked": {
        "lastModified": 1642400831,
        "narHash": "sha256-38LEynkTWz37wtesdbHmedqLr2O3KirVkVUKL4Rwigo=",
        "owner": "nix-community",
        "repo": "fenix",
        "rev": "208b75eca21963436be324f1b076a2abf8b22b09",
        "type": "github"
      },
      "original": {
        "owner": "nix-community",
        "repo": "fenix",
        "type": "github"
      }
    },
    "flake-compat": {
      "flake": false,
      "locked": {
        "lastModified": 1641205782,
        "narHash": "sha256-4jY7RCWUoZ9cKD8co0/4tFARpWB+57+r1bLLvXNJliY=",
        "owner": "edolstra",
        "repo": "flake-compat",
        "rev": "b7547d3eed6f32d06102ead8991ec52ab0a4f1a7",
        "type": "github"
      },
      "original": {
        "owner": "edolstra",
        "repo": "flake-compat",
        "type": "github"
      }
    },
    "flake-utils": {
      "locked": {
        "lastModified": 1638122382,
        "narHash": "sha256-sQzZzAbvKEqN9s0bzWuYmRaA03v40gaJ4+iL1LXjaeI=",
        "owner": "numtide",
        "repo": "flake-utils",
        "rev": "74f7e4319258e287b0f9cb95426c9853b282730b",
        "type": "github"
      },
      "original": {
        "owner": "numtide",
        "repo": "flake-utils",
        "type": "github"
      }
    },
    "flake-utils_2": {
      "locked": {
        "lastModified": 1629481132,
        "narHash": "sha256-JHgasjPR0/J1J3DRm4KxM4zTyAj4IOJY8vIl75v/kPI=",
        "owner": "numtide",
        "repo": "flake-utils",
        "rev": "997f7efcb746a9c140ce1f13c72263189225f482",
        "type": "github"
      },
      "original": {
        "owner": "numtide",
        "repo": "flake-utils",
        "type": "github"
      }
    },
    "fup": {
      "inputs": {
        "flake-utils": "flake-utils"
      },
      "locked": {
        "lastModified": 1639385028,
        "narHash": "sha256-oqorKz3mwf7UuDJwlbCEYCB2LfcWLL0DkeCWhRIL820=",
        "owner": "gytis-ivaskevicius",
        "repo": "flake-utils-plus",
        "rev": "be1be083af014720c14f3b574f57b6173b4915d0",
        "type": "github"
      },
      "original": {
        "owner": "gytis-ivaskevicius",
        "repo": "flake-utils-plus",
        "type": "github"
      }
    },
    "hm": {
      "inputs": {
        "nixpkgs": "nixpkgs"
      },
      "locked": {
        "lastModified": 1642463060,
        "narHash": "sha256-6xXRxvMk4OV/k6VwJq54pahToT4FCZzOKfbvG7f6l1E=",
        "owner": "nix-community",
        "repo": "home-manager",
        "rev": "8cf13abffc0808b337590a9e382604ab6c2cb3e7",
        "type": "github"
      },
      "original": {
        "owner": "nix-community",
        "repo": "home-manager",
        "type": "github"
      }
    },
    "master": {
      "locked": {
        "lastModified": 1642465812,
        "narHash": "sha256-sutW6ZyJ1rO01Q/51X/0jGj9v8JSv4VcTAv9J0g9Dqc=",
        "owner": "nixos",
        "repo": "nixpkgs",
        "rev": "71358dd07098a8f51cde54be4baa06125c9c0d80",
        "type": "github"
      },
      "original": {
        "owner": "nixos",
        "ref": "master",
        "repo": "nixpkgs",
        "type": "github"
      }
    },
    "my-nur": {
      "inputs": {
        "nixpkgs": "nixpkgs_2",
        "utils": "utils"
      },
      "locked": {
        "lastModified": 1636310244,
        "narHash": "sha256-V4sQzc/nTJvst0CsyDvyLlb89l7HtCfMgkv9EawIr6Q=",
        "ref": "master",
        "rev": "089c9600a5ff4da3c84c8a076d18adde809b5efe",
        "revCount": 12,
        "type": "git",
        "url": "https://git.sr.ht/~hutzdog/NUR"
      },
      "original": {
        "type": "git",
        "url": "https://git.sr.ht/~hutzdog/NUR"
      }
    },
    "neovim": {
      "inputs": {
        "flake-compat": "flake-compat",
        "neovim-flake": "neovim-flake",
        "nixpkgs": "nixpkgs_3"
      },
      "locked": {
        "lastModified": 1642407344,
        "narHash": "sha256-89pbQj1uz8HSw/88q/y8JaS9N2/vm2RiyTDrYSAldmo=",
        "owner": "nix-community",
        "repo": "neovim-nightly-overlay",
        "rev": "4b5587d0c1e7a8213bf81f52c0d198e114fa0464",
        "type": "github"
      },
      "original": {
        "owner": "nix-community",
        "repo": "neovim-nightly-overlay",
        "type": "github"
      }
    },
    "neovim-flake": {
      "inputs": {
        "flake-utils": "flake-utils_2",
        "nixpkgs": [
          "neovim",
          "nixpkgs"
        ]
      },
      "locked": {
        "dir": "contrib",
        "lastModified": 1642372778,
        "narHash": "sha256-c90RlrbH+OYlEwnTEDYpT6vP/a/coHRUSsuU8TG/sPA=",
        "owner": "neovim",
        "repo": "neovim",
        "rev": "0c0469c4f59bf51a6e666a49d69cdb33e93bdf1b",
        "type": "github"
      },
      "original": {
        "dir": "contrib",
        "owner": "neovim",
        "repo": "neovim",
        "type": "github"
      }
    },
    "nixpkgs": {
      "locked": {
        "lastModified": 1642373004,
        "narHash": "sha256-AZ1fTklT9OkLFtmZ8qMbQ2Uf1dF0+np3WjnTIIquApA=",
        "owner": "NixOS",
        "repo": "nixpkgs",
        "rev": "b13052a35a63e1ea9eba916ffe48886ab7af58ce",
        "type": "github"
      },
      "original": {
        "id": "nixpkgs",
        "type": "indirect"
      }
    },
    "nixpkgs_2": {
      "locked": {
        "lastModified": 1624208094,
        "narHash": "sha256-oDG0Ma0eeRW0WFWxD3iDs+S4D5NObWQqwcZTdRkg1J8=",
        "owner": "NixOS",
        "repo": "nixpkgs",
        "rev": "88782d1606213f89eae97921beda5a64b763bde6",
        "type": "github"
      },
      "original": {
        "id": "nixpkgs",
        "type": "indirect"
      }
    },
    "nixpkgs_3": {
      "locked": {
        "lastModified": 1642104392,
        "narHash": "sha256-m71b7MgMh9FDv4MnI5sg9MiBVW6DhE1zq+d/KlLWSC8=",
        "owner": "nixos",
        "repo": "nixpkgs",
        "rev": "5aaed40d22f0d9376330b6fa413223435ad6fee5",
        "type": "github"
      },
      "original": {
        "owner": "nixos",
        "ref": "nixos-unstable",
        "repo": "nixpkgs",
        "type": "github"
      }
    },
    "nur": {
      "locked": {
        "lastModified": 1642464025,
        "narHash": "sha256-dMh+gKelMjNyza+zZNKgNdCkjhnLdpuyBUBmIZe3Dlk=",
        "owner": "nix-community",
        "repo": "NUR",
        "rev": "f31604b87cdec970afd18245fc93e2fad119097e",
        "type": "github"
      },
      "original": {
        "owner": "nix-community",
        "repo": "NUR",
        "type": "github"
      }
    },
    "root": {
      "inputs": {
        "fallback": "fallback",
        "fenix": "fenix",
        "fup": "fup",
        "hm": "hm",
        "master": "master",
        "my-nur": "my-nur",
        "neovim": "neovim",
        "nixpkgs": [
          "unstable"
        ],
        "nur": "nur",
        "stable": "stable",
        "unstable": "unstable"
      }
    },
    "rust-analyzer-src": {
      "flake": false,
      "locked": {
        "lastModified": 1642346032,
        "narHash": "sha256-rVuxpnKW8Wgbu+rLw0/4YMdgQV7PL8AZuvxPfqFH2uE=",
        "owner": "rust-analyzer",
        "repo": "rust-analyzer",
        "rev": "e6e72809e3b55da3a57af95e6445a12729331ad6",
        "type": "github"
      },
      "original": {
        "owner": "rust-analyzer",
        "ref": "nightly",
        "repo": "rust-analyzer",
        "type": "github"
      }
    },
    "stable": {
      "locked": {
        "lastModified": 1642244250,
        "narHash": "sha256-vWpUEqQdVP4srj+/YLJRTN9vjpTs4je0cdWKXPbDItc=",
        "owner": "nixos",
        "repo": "nixpkgs",
        "rev": "0fd9ee1aa36ce865ad273f4f07fdc093adeb5c00",
        "type": "github"
      },
      "original": {
        "owner": "nixos",
        "ref": "nixos-21.05",
        "repo": "nixpkgs",
        "type": "github"
      }
    },
    "unstable": {
      "locked": {
        "lastModified": 1642373004,
        "narHash": "sha256-AZ1fTklT9OkLFtmZ8qMbQ2Uf1dF0+np3WjnTIIquApA=",
        "owner": "nixos",
        "repo": "nixpkgs",
        "rev": "b13052a35a63e1ea9eba916ffe48886ab7af58ce",
        "type": "github"
      },
      "original": {
        "owner": "nixos",
        "ref": "nixos-unstable-small",
        "repo": "nixpkgs",
        "type": "github"
      }
    },
    "utils": {
      "locked": {
        "lastModified": 1623875721,
        "narHash": "sha256-A8BU7bjS5GirpAUv4QA+QnJ4CceLHkcXdRp4xITDB0s=",
        "owner": "numtide",
        "repo": "flake-utils",
        "rev": "f7e004a55b120c02ecb6219596820fcd32ca8772",
        "type": "github"
      },
      "original": {
        "owner": "numtide",
        "repo": "flake-utils",
        "type": "github"
      }
    }
  },
  "root": "root",
  "version": 7
}
